
Microsoft Visual Studio Solution File, Format Version 12.00
# Visual Studio 15
VisualStudioVersion = 15.0.28010.2003
MinimumVisualStudioVersion = 10.0.40219.1
Project("{FAE04EC0-301F-11D3-BF4B-00C04F79EFBC}") = "CSharpPerfEval", "CSharpPerfEval\CSharpPerfEval.csproj", "{BBA74E52-D337-4600-9DDA-EABEE0A58ABC}"
EndProject
Global
	GlobalSection(SolutionConfigurationPlatforms) = preSolution
		Debug|Any CPU = Debug|Any CPU
		Release|Any CPU = Release|Any CPU
	EndGlobalSection
	GlobalSection(ProjectConfigurationPlatforms) = postSolution
		{BBA74E52-D337-4600-9DDA-EABEE0A58ABC}.Debug|Any CPU.ActiveCfg = Debug|Any CPU
		{BBA74E52-D337-4600-9DDA-EABEE0A58ABC}.Debug|Any CPU.Build.0 = Debug|Any CPU
		{BBA74E52-D337-4600-9DDA-EABEE0A58ABC}.Release|Any CPU.ActiveCfg = Release|Any CPU
		{BBA74E52-D337-4600-9DDA-EABEE0A58ABC}.Release|Any CPU.Build.0 = Release|Any CPU
	EndGlobalSection
	GlobalSection(SolutionProperties) = preSolution
		HideSolutionNode = FALSE
	EndGlobalSection
	GlobalSection(ExtensibilityGlobals) = postSolution
		SolutionGuid = {8D45F055-FBC3-4C2A-A7BD-1615A9DC7942}
	EndGlobalSection
EndGlobal
