
Microsoft Visual Studio Solution File, Format Version 12.00
# Visual Studio 15
VisualStudioVersion = 15.0.28010.2048
MinimumVisualStudioVersion = 10.0.40219.1
Project("{FAE04EC0-301F-11D3-BF4B-00C04F79EFBC}") = "CSharpConcPerfEval", "CSharpConcPerfEval\CSharpConcPerfEval.csproj", "{61476CEA-2AF1-45EF-836F-2449775B3814}"
EndProject
Global
	GlobalSection(SolutionConfigurationPlatforms) = preSolution
		Debug|Any CPU = Debug|Any CPU
		Release|Any CPU = Release|Any CPU
	EndGlobalSection
	GlobalSection(ProjectConfigurationPlatforms) = postSolution
		{61476CEA-2AF1-45EF-836F-2449775B3814}.Debug|Any CPU.ActiveCfg = Debug|Any CPU
		{61476CEA-2AF1-45EF-836F-2449775B3814}.Debug|Any CPU.Build.0 = Debug|Any CPU
		{61476CEA-2AF1-45EF-836F-2449775B3814}.Release|Any CPU.ActiveCfg = Release|Any CPU
		{61476CEA-2AF1-45EF-836F-2449775B3814}.Release|Any CPU.Build.0 = Release|Any CPU
	EndGlobalSection
	GlobalSection(SolutionProperties) = preSolution
		HideSolutionNode = FALSE
	EndGlobalSection
	GlobalSection(ExtensibilityGlobals) = postSolution
		SolutionGuid = {B8270C9C-F8E8-457A-AEB7-CA1D32A35C46}
	EndGlobalSection
EndGlobal
